{
  "name": "forgo-examples",
  "lockfileVersion": 2,
  "requires": true,
  "packages": {
    "": {
      "dependencies": {
        "forgo": "^0.0.45"
      }
    },
    "node_modules/forgo": {
      "version": "0.0.45",
      "resolved": "https://registry.npmjs.org/forgo/-/forgo-0.0.45.tgz",
      "integrity": "sha512-ELr3SgrQow8ov6RVznafO4zXh90K9h0U/b3dRjTJpi1sFaJloOAo7WPvOS8gvs/gYYupUkJkffg3CBlmkwveiA=="
    }
  },
  "dependencies": {
    "forgo": {
      "version": "0.0.45",
      "resolved": "https://registry.npmjs.org/forgo/-/forgo-0.0.45.tgz",
      "integrity": "sha512-ELr3SgrQow8ov6RVznafO4zXh90K9h0U/b3dRjTJpi1sFaJloOAo7WPvOS8gvs/gYYupUkJkffg3CBlmkwveiA=="
    }
  }
}
