{
  "name": "forgo-examples",
  "lockfileVersion": 2,
  "requires": true,
  "packages": {
    "": {
      "dependencies": {
        "forgo-router": "^2.0.1"
      },
      "peerDependencies": {
        "forgo": "^4.0.4"
      }
    },
    "node_modules/forgo": {
      "version": "4.0.4",
      "resolved": "https://registry.npmjs.org/forgo/-/forgo-4.0.4.tgz",
      "integrity": "sha512-pfFokx/wiVGsGZzZnGeVJ9WXpwkJlnhvlZPikcwUy0ycMhzNsyK2B4AI0qrt/vK/sXGGmilRHCIm+DbOALHzGw==",
      "peer": true
    },
    "node_modules/forgo-router": {
      "version": "2.0.1",
      "resolved": "https://registry.npmjs.org/forgo-router/-/forgo-router-2.0.1.tgz",
      "integrity": "sha512-v0WbIK9jAuv5avbM7H8eBrjNuxiRgzeG7HvzqCFwEu6KACWMBTqbJWvjCqO0zsKPwhsnBF1LGNiv/y82CkiBjQ==",
      "peerDependencies": {
        "forgo": "^4.0.4"
      }
    }
  },
  "dependencies": {
    "forgo": {
      "version": "4.0.4",
      "resolved": "https://registry.npmjs.org/forgo/-/forgo-4.0.4.tgz",
      "integrity": "sha512-pfFokx/wiVGsGZzZnGeVJ9WXpwkJlnhvlZPikcwUy0ycMhzNsyK2B4AI0qrt/vK/sXGGmilRHCIm+DbOALHzGw==",
      "peer": true
    },
    "forgo-router": {
      "version": "2.0.1",
      "resolved": "https://registry.npmjs.org/forgo-router/-/forgo-router-2.0.1.tgz",
      "integrity": "sha512-v0WbIK9jAuv5avbM7H8eBrjNuxiRgzeG7HvzqCFwEu6KACWMBTqbJWvjCqO0zsKPwhsnBF1LGNiv/y82CkiBjQ==",
      "requires": {}
    }
  }
}
