{
  "name": "forgo-examples",
  "lockfileVersion": 2,
  "requires": true,
  "packages": {
    "": {
      "dependencies": {
        "forgo": "^0.0.46"
      }
    },
    "node_modules/forgo": {
      "version": "0.0.46",
      "resolved": "https://registry.npmjs.org/forgo/-/forgo-0.0.46.tgz",
      "integrity": "sha512-6UyKKMlOnzvqaIVjUD/EhlKAuLQH5y6nXAxImRuXrds9KxfsS2aqs069JCrdwfVdsN3jTd6+uRTxk3lrnJH93g=="
    }
  },
  "dependencies": {
    "forgo": {
      "version": "0.0.46",
      "resolved": "https://registry.npmjs.org/forgo/-/forgo-0.0.46.tgz",
      "integrity": "sha512-6UyKKMlOnzvqaIVjUD/EhlKAuLQH5y6nXAxImRuXrds9KxfsS2aqs069JCrdwfVdsN3jTd6+uRTxk3lrnJH93g=="
    }
  }
}
